// !$*UTF8*$!
{
	archiveVersion = 1;
	classes = {
	};
	objectVersion = 56;
	objects = {

/* Begin PBXBuildFile section */
		794BBF8E28F70FD10048FA0B /* AppDelegate.swift in Sources */ = {isa = PBXBuildFile; fileRef = 794BBF8D28F70FD10048FA0B /* AppDelegate.swift */; };
		794BBF9228F70FD10048FA0B /* ShopListViewController.swift in Sources */ = {isa = PBXBuildFile; fileRef = 794BBF9128F70FD10048FA0B /* ShopListViewController.swift */; };
		794BBF9728F70FD20048FA0B /* Assets.xcassets in Resources */ = {isa = PBXBuildFile; fileRef = 794BBF9628F70FD20048FA0B /* Assets.xcassets */; };
		794BBF9A28F70FD20048FA0B /* LaunchScreen.storyboard in Resources */ = {isa = PBXBuildFile; fileRef = 794BBF9828F70FD20048FA0B /* LaunchScreen.storyboard */; };
		794BBFA228F711670048FA0B /* ShopList.storyboard in Resources */ = {isa = PBXBuildFile; fileRef = 794BBFA128F711670048FA0B /* ShopList.storyboard */; };
		794BBFA528F85EB00048FA0B /* ShopListTableViewCell.swift in Sources */ = {isa = PBXBuildFile; fileRef = 794BBFA328F85EB00048FA0B /* ShopListTableViewCell.swift */; };
		794BBFA628F85EB00048FA0B /* ShopListTableViewCell.xib in Resources */ = {isa = PBXBuildFile; fileRef = 794BBFA428F85EB00048FA0B /* ShopListTableViewCell.xib */; };
		794BBFA828F95FB00048FA0B /* CheckListViewController.swift in Sources */ = {isa = PBXBuildFile; fileRef = 794BBFA728F95FB00048FA0B /* CheckListViewController.swift */; };
		794BBFAD28F960310048FA0B /* CheckList.storyboard in Resources */ = {isa = PBXBuildFile; fileRef = 794BBFAC28F960310048FA0B /* CheckList.storyboard */; };
		794BBFB028F961EB0048FA0B /* CheckListTableViewCell.swift in Sources */ = {isa = PBXBuildFile; fileRef = 794BBFAE28F961EB0048FA0B /* CheckListTableViewCell.swift */; };
		794BBFB128F961EB0048FA0B /* CheckListTableViewCell.xib in Resources */ = {isa = PBXBuildFile; fileRef = 794BBFAF28F961EB0048FA0B /* CheckListTableViewCell.xib */; };
		794BBFB428F9B6D00048FA0B /* InputDataViewController.swift in Sources */ = {isa = PBXBuildFile; fileRef = 794BBFB328F9B6D00048FA0B /* InputDataViewController.swift */; };
		794BBFB628F9B6E80048FA0B /* InputData.storyboard in Resources */ = {isa = PBXBuildFile; fileRef = 794BBFB528F9B6E80048FA0B /* InputData.storyboard */; };
		794BBFB928F9BAB40048FA0B /* UserData.swift in Sources */ = {isa = PBXBuildFile; fileRef = 794BBFB828F9BAB40048FA0B /* UserData.swift */; };
/* End PBXBuildFile section */

/* Begin PBXFileReference section */
		794BBF8A28F70FD10048FA0B /* CheckApp.app */ = {isa = PBXFileReference; explicitFileType = wrapper.application; includeInIndex = 0; path = CheckApp.app; sourceTree = BUILT_PRODUCTS_DIR; };
		794BBF8D28F70FD10048FA0B /* AppDelegate.swift */ = {isa = PBXFileReference; lastKnownFileType = sourcecode.swift; path = AppDelegate.swift; sourceTree = "<group>"; };
		794BBF9128F70FD10048FA0B /* ShopListViewController.swift */ = {isa = PBXFileReference; lastKnownFileType = sourcecode.swift; path = ShopListViewController.swift; sourceTree = "<group>"; };
		794BBF9628F70FD20048FA0B /* Assets.xcassets */ = {isa = PBXFileReference; lastKnownFileType = folder.assetcatalog; path = Assets.xcassets; sourceTree = "<group>"; };
		794BBF9928F70FD20048FA0B /* Base */ = {isa = PBXFileReference; lastKnownFileType = file.storyboard; name = Base; path = Base.lproj/LaunchScreen.storyboard; sourceTree = "<group>"; };
		794BBF9B28F70FD20048FA0B /* Info.plist */ = {isa = PBXFileReference; lastKnownFileType = text.plist.xml; path = Info.plist; sourceTree = "<group>"; };
		794BBFA128F711670048FA0B /* ShopList.storyboard */ = {isa = PBXFileReference; lastKnownFileType = file.storyboard; path = ShopList.storyboard; sourceTree = "<group>"; };
		794BBFA328F85EB00048FA0B /* ShopListTableViewCell.swift */ = {isa = PBXFileReference; lastKnownFileType = sourcecode.swift; path = ShopListTableViewCell.swift; sourceTree = "<group>"; };
		794BBFA428F85EB00048FA0B /* ShopListTableViewCell.xib */ = {isa = PBXFileReference; lastKnownFileType = file.xib; path = ShopListTableViewCell.xib; sourceTree = "<group>"; };
		794BBFA728F95FB00048FA0B /* CheckListViewController.swift */ = {isa = PBXFileReference; lastKnownFileType = sourcecode.swift; path = CheckListViewController.swift; sourceTree = "<group>"; };
		794BBFAC28F960310048FA0B /* CheckList.storyboard */ = {isa = PBXFileReference; lastKnownFileType = file.storyboard; path = CheckList.storyboard; sourceTree = "<group>"; };
		794BBFAE28F961EB0048FA0B /* CheckListTableViewCell.swift */ = {isa = PBXFileReference; lastKnownFileType = sourcecode.swift; path = CheckListTableViewCell.swift; sourceTree = "<group>"; };
		794BBFAF28F961EB0048FA0B /* CheckListTableViewCell.xib */ = {isa = PBXFileReference; lastKnownFileType = file.xib; path = CheckListTableViewCell.xib; sourceTree = "<group>"; };
		794BBFB328F9B6D00048FA0B /* InputDataViewController.swift */ = {isa = PBXFileReference; lastKnownFileType = sourcecode.swift; path = InputDataViewController.swift; sourceTree = "<group>"; };
		794BBFB528F9B6E80048FA0B /* InputData.storyboard */ = {isa = PBXFileReference; lastKnownFileType = file.storyboard; path = InputData.storyboard; sourceTree = "<group>"; };
		794BBFB828F9BAB40048FA0B /* UserData.swift */ = {isa = PBXFileReference; lastKnownFileType = sourcecode.swift; path = UserData.swift; sourceTree = "<group>"; };
/* End PBXFileReference section */

/* Begin PBXFrameworksBuildPhase section */
		794BBF8728F70FD10048FA0B /* Frameworks */ = {
			isa = PBXFrameworksBuildPhase;
			buildActionMask = 2147483647;
			files = (
			);
			runOnlyForDeploymentPostprocessing = 0;
		};
/* End PBXFrameworksBuildPhase section */

/* Begin PBXGroup section */
		794BBF8128F70FD10048FA0B = {
			isa = PBXGroup;
			children = (
				794BBF8C28F70FD10048FA0B /* CheckApp */,
				794BBF8B28F70FD10048FA0B /* Products */,
			);
			sourceTree = "<group>";
		};
		794BBF8B28F70FD10048FA0B /* Products */ = {
			isa = PBXGroup;
			children = (
				794BBF8A28F70FD10048FA0B /* CheckApp.app */,
			);
			name = Products;
			sourceTree = "<group>";
		};
		794BBF8C28F70FD10048FA0B /* CheckApp */ = {
			isa = PBXGroup;
			children = (
				794BBF8D28F70FD10048FA0B /* AppDelegate.swift */,
				794BBFB728F9BA9D0048FA0B /* Model */,
				794BBFA928F95FCD0048FA0B /* Views */,
				794BBF9628F70FD20048FA0B /* Assets.xcassets */,
				794BBF9828F70FD20048FA0B /* LaunchScreen.storyboard */,
				794BBF9B28F70FD20048FA0B /* Info.plist */,
			);
			path = CheckApp;
			sourceTree = "<group>";
		};
		794BBFA928F95FCD0048FA0B /* Views */ = {
			isa = PBXGroup;
			children = (
				794BBFB228F9B64E0048FA0B /* InputData */,
				794BBFAB28F960070048FA0B /* CheckList */,
				794BBFAA28F95FFD0048FA0B /* ShopList */,
			);
			path = Views;
			sourceTree = "<group>";
		};
		794BBFAA28F95FFD0048FA0B /* ShopList */ = {
			isa = PBXGroup;
			children = (
				794BBF9128F70FD10048FA0B /* ShopListViewController.swift */,
				794BBFA128F711670048FA0B /* ShopList.storyboard */,
				794BBFA328F85EB00048FA0B /* ShopListTableViewCell.swift */,
				794BBFA428F85EB00048FA0B /* ShopListTableViewCell.xib */,
			);
			path = ShopList;
			sourceTree = "<group>";
		};
		794BBFAB28F960070048FA0B /* CheckList */ = {
			isa = PBXGroup;
			children = (
				794BBFA728F95FB00048FA0B /* CheckListViewController.swift */,
				794BBFAC28F960310048FA0B /* CheckList.storyboard */,
				794BBFAE28F961EB0048FA0B /* CheckListTableViewCell.swift */,
				794BBFAF28F961EB0048FA0B /* CheckListTableViewCell.xib */,
			);
			path = CheckList;
			sourceTree = "<group>";
		};
		794BBFB228F9B64E0048FA0B /* InputData */ = {
			isa = PBXGroup;
			children = (
				794BBFB328F9B6D00048FA0B /* InputDataViewController.swift */,
				794BBFB528F9B6E80048FA0B /* InputData.storyboard */,
			);
			path = InputData;
			sourceTree = "<group>";
		};
		794BBFB728F9BA9D0048FA0B /* Model */ = {
			isa = PBXGroup;
			children = (
				794BBFB828F9BAB40048FA0B /* UserData.swift */,
			);
			path = Model;
			sourceTree = "<group>";
		};
/* End PBXGroup section */

/* Begin PBXNativeTarget section */
		794BBF8928F70FD10048FA0B /* CheckApp */ = {
			isa = PBXNativeTarget;
			buildConfigurationList = 794BBF9E28F70FD20048FA0B /* Build configuration list for PBXNativeTarget "CheckApp" */;
			buildPhases = (
				794BBF8628F70FD10048FA0B /* Sources */,
				794BBF8728F70FD10048FA0B /* Frameworks */,
				794BBF8828F70FD10048FA0B /* Resources */,
			);
			buildRules = (
			);
			dependencies = (
			);
			name = CheckApp;
			productName = CheckApp;
			productReference = 794BBF8A28F70FD10048FA0B /* CheckApp.app */;
			productType = "com.apple.product-type.application";
		};
/* End PBXNativeTarget section */

/* Begin PBXProject section */
		794BBF8228F70FD10048FA0B /* Project object */ = {
			isa = PBXProject;
			attributes = {
				BuildIndependentTargetsInParallel = 1;
				LastSwiftUpdateCheck = 1400;
				LastUpgradeCheck = 1400;
				TargetAttributes = {
					794BBF8928F70FD10048FA0B = {
						CreatedOnToolsVersion = 14.0.1;
					};
				};
			};
			buildConfigurationList = 794BBF8528F70FD10048FA0B /* Build configuration list for PBXProject "CheckApp" */;
			compatibilityVersion = "Xcode 14.0";
			developmentRegion = en;
			hasScannedForEncodings = 0;
			knownRegions = (
				en,
				Base,
			);
			mainGroup = 794BBF8128F70FD10048FA0B;
			productRefGroup = 794BBF8B28F70FD10048FA0B /* Products */;
			projectDirPath = "";
			projectRoot = "";
			targets = (
				794BBF8928F70FD10048FA0B /* CheckApp */,
			);
		};
/* End PBXProject section */

/* Begin PBXResourcesBuildPhase section */
		794BBF8828F70FD10048FA0B /* Resources */ = {
			isa = PBXResourcesBuildPhase;
			buildActionMask = 2147483647;
			files = (
				794BBF9A28F70FD20048FA0B /* LaunchScreen.storyboard in Resources */,
				794BBFA628F85EB00048FA0B /* ShopListTableViewCell.xib in Resources */,
				794BBF9728F70FD20048FA0B /* Assets.xcassets in Resources */,
				794BBFA228F711670048FA0B /* ShopList.storyboard in Resources */,
				794BBFB128F961EB0048FA0B /* CheckListTableViewCell.xib in Resources */,
				794BBFB628F9B6E80048FA0B /* InputData.storyboard in Resources */,
				794BBFAD28F960310048FA0B /* CheckList.storyboard in Resources */,
			);
			runOnlyForDeploymentPostprocessing = 0;
		};
/* End PBXResourcesBuildPhase section */

/* Begin PBXSourcesBuildPhase section */
		794BBF8628F70FD10048FA0B /* Sources */ = {
			isa = PBXSourcesBuildPhase;
			buildActionMask = 2147483647;
			files = (
				794BBFA528F85EB00048FA0B /* ShopListTableViewCell.swift in Sources */,
				794BBFB028F961EB0048FA0B /* CheckListTableViewCell.swift in Sources */,
				794BBFB928F9BAB40048FA0B /* UserData.swift in Sources */,
				794BBFA828F95FB00048FA0B /* CheckListViewController.swift in Sources */,
				794BBF9228F70FD10048FA0B /* ShopListViewController.swift in Sources */,
				794BBF8E28F70FD10048FA0B /* AppDelegate.swift in Sources */,
				794BBFB428F9B6D00048FA0B /* InputDataViewController.swift in Sources */,
			);
			runOnlyForDeploymentPostprocessing = 0;
		};
/* End PBXSourcesBuildPhase section */

/* Begin PBXVariantGroup section */
		794BBF9828F70FD20048FA0B /* LaunchScreen.storyboard */ = {
			isa = PBXVariantGroup;
			children = (
				794BBF9928F70FD20048FA0B /* Base */,
			);
			name = LaunchScreen.storyboard;
			sourceTree = "<group>";
		};
/* End PBXVariantGroup section */

/* Begin XCBuildConfiguration section */
		794BBF9C28F70FD20048FA0B /* Debug */ = {
			isa = XCBuildConfiguration;
			buildSettings = {
				ALWAYS_SEARCH_USER_PATHS = NO;
				CLANG_ANALYZER_NONNULL = YES;
				CLANG_ANALYZER_NUMBER_OBJECT_CONVERSION = YES_AGGRESSIVE;
				CLANG_CXX_LANGUAGE_STANDARD = "gnu++20";
				CLANG_ENABLE_MODULES = YES;
				CLANG_ENABLE_OBJC_ARC = YES;
				CLANG_ENABLE_OBJC_WEAK = YES;
				CLANG_WARN_BLOCK_CAPTURE_AUTORELEASING = YES;
				CLANG_WARN_BOOL_CONVERSION = YES;
				CLANG_WARN_COMMA = YES;
				CLANG_WARN_CONSTANT_CONVERSION = YES;
				CLANG_WARN_DEPRECATED_OBJC_IMPLEMENTATIONS = YES;
				CLANG_WARN_DIRECT_OBJC_ISA_USAGE = YES_ERROR;
				CLANG_WARN_DOCUMENTATION_COMMENTS = YES;
				CLANG_WARN_EMPTY_BODY = YES;
				CLANG_WARN_ENUM_CONVERSION = YES;
				CLANG_WARN_INFINITE_RECURSION = YES;
				CLANG_WARN_INT_CONVERSION = YES;
				CLANG_WARN_NON_LITERAL_NULL_CONVERSION = YES;
				CLANG_WARN_OBJC_IMPLICIT_RETAIN_SELF = YES;
				CLANG_WARN_OBJC_LITERAL_CONVERSION = YES;
				CLANG_WARN_OBJC_ROOT_CLASS = YES_ERROR;
				CLANG_WARN_QUOTED_INCLUDE_IN_FRAMEWORK_HEADER = YES;
				CLANG_WARN_RANGE_LOOP_ANALYSIS = YES;
				CLANG_WARN_STRICT_PROTOTYPES = YES;
				CLANG_WARN_SUSPICIOUS_MOVE = YES;
				CLANG_WARN_UNGUARDED_AVAILABILITY = YES_AGGRESSIVE;
				CLANG_WARN_UNREACHABLE_CODE = YES;
				CLANG_WARN__DUPLICATE_METHOD_MATCH = YES;
				COPY_PHASE_STRIP = NO;
				DEBUG_INFORMATION_FORMAT = dwarf;
				ENABLE_STRICT_OBJC_MSGSEND = YES;
				ENABLE_TESTABILITY = YES;
				GCC_C_LANGUAGE_STANDARD = gnu11;
				GCC_DYNAMIC_NO_PIC = NO;
				GCC_NO_COMMON_BLOCKS = YES;
				GCC_OPTIMIZATION_LEVEL = 0;
				GCC_PREPROCESSOR_DEFINITIONS = (
					"DEBUG=1",
					"$(inherited)",
				);
				GCC_WARN_64_TO_32_BIT_CONVERSION = YES;
				GCC_WARN_ABOUT_RETURN_TYPE = YES_ERROR;
				GCC_WARN_UNDECLARED_SELECTOR = YES;
				GCC_WARN_UNINITIALIZED_AUTOS = YES_AGGRESSIVE;
				GCC_WARN_UNUSED_FUNCTION = YES;
				GCC_WARN_UNUSED_VARIABLE = YES;
				IPHONEOS_DEPLOYMENT_TARGET = 16.0;
				MTL_ENABLE_DEBUG_INFO = INCLUDE_SOURCE;
				MTL_FAST_MATH = YES;
				ONLY_ACTIVE_ARCH = YES;
				SDKROOT = iphoneos;
				SWIFT_ACTIVE_COMPILATION_CONDITIONS = DEBUG;
				SWIFT_OPTIMIZATION_LEVEL = "-Onone";
			};
			name = Debug;
		};
		794BBF9D28F70FD20048FA0B /* Release */ = {
			isa = XCBuildConfiguration;
			buildSettings = {
				ALWAYS_SEARCH_USER_PATHS = NO;
				CLANG_ANALYZER_NONNULL = YES;
				CLANG_ANALYZER_NUMBER_OBJECT_CONVERSION = YES_AGGRESSIVE;
				CLANG_CXX_LANGUAGE_STANDARD = "gnu++20";
				CLANG_ENABLE_MODULES = YES;
				CLANG_ENABLE_OBJC_ARC = YES;
				CLANG_ENABLE_OBJC_WEAK = YES;
				CLANG_WARN_BLOCK_CAPTURE_AUTORELEASING = YES;
				CLANG_WARN_BOOL_CONVERSION = YES;
				CLANG_WARN_COMMA = YES;
				CLANG_WARN_CONSTANT_CONVERSION = YES;
				CLANG_WARN_DEPRECATED_OBJC_IMPLEMENTATIONS = YES;
				CLANG_WARN_DIRECT_OBJC_ISA_USAGE = YES_ERROR;
				CLANG_WARN_DOCUMENTATION_COMMENTS = YES;
				CLANG_WARN_EMPTY_BODY = YES;
				CLANG_WARN_ENUM_CONVERSION = YES;
				CLANG_WARN_INFINITE_RECURSION = YES;
				CLANG_WARN_INT_CONVERSION = YES;
				CLANG_WARN_NON_LITERAL_NULL_CONVERSION = YES;
				CLANG_WARN_OBJC_IMPLICIT_RETAIN_SELF = YES;
				CLANG_WARN_OBJC_LITERAL_CONVERSION = YES;
				CLANG_WARN_OBJC_ROOT_CLASS = YES_ERROR;
				CLANG_WARN_QUOTED_INCLUDE_IN_FRAMEWORK_HEADER = YES;
				CLANG_WARN_RANGE_LOOP_ANALYSIS = YES;
				CLANG_WARN_STRICT_PROTOTYPES = YES;
				CLANG_WARN_SUSPICIOUS_MOVE = YES;
				CLANG_WARN_UNGUARDED_AVAILABILITY = YES_AGGRESSIVE;
				CLANG_WARN_UNREACHABLE_CODE = YES;
				CLANG_WARN__DUPLICATE_METHOD_MATCH = YES;
				COPY_PHASE_STRIP = NO;
				DEBUG_INFORMATION_FORMAT = "dwarf-with-dsym";
				ENABLE_NS_ASSERTIONS = NO;
				ENABLE_STRICT_OBJC_MSGSEND = YES;
				GCC_C_LANGUAGE_STANDARD = gnu11;
				GCC_NO_COMMON_BLOCKS = YES;
				GCC_WARN_64_TO_32_BIT_CONVERSION = YES;
				GCC_WARN_ABOUT_RETURN_TYPE = YES_ERROR;
				GCC_WARN_UNDECLARED_SELECTOR = YES;
				GCC_WARN_UNINITIALIZED_AUTOS = YES_AGGRESSIVE;
				GCC_WARN_UNUSED_FUNCTION = YES;
				GCC_WARN_UNUSED_VARIABLE = YES;
				IPHONEOS_DEPLOYMENT_TARGET = 16.0;
				MTL_ENABLE_DEBUG_INFO = NO;
				MTL_FAST_MATH = YES;
				SDKROOT = iphoneos;
				SWIFT_COMPILATION_MODE = wholemodule;
				SWIFT_OPTIMIZATION_LEVEL = "-O";
				VALIDATE_PRODUCT = YES;
			};
			name = Release;
		};
		794BBF9F28F70FD20048FA0B /* Debug */ = {
			isa = XCBuildConfiguration;
			buildSettings = {
				ASSETCATALOG_COMPILER_APPICON_NAME = AppIcon;
				ASSETCATALOG_COMPILER_GLOBAL_ACCENT_COLOR_NAME = AccentColor;
				CODE_SIGN_STYLE = Automatic;
				CURRENT_PROJECT_VERSION = 1;
				DEVELOPMENT_TEAM = 24928479RW;
				GENERATE_INFOPLIST_FILE = YES;
				INFOPLIST_FILE = CheckApp/Info.plist;
				INFOPLIST_KEY_UIApplicationSupportsIndirectInputEvents = YES;
				INFOPLIST_KEY_UILaunchStoryboardName = LaunchScreen;
				INFOPLIST_KEY_UIMainStoryboardFile = ShopList;
				INFOPLIST_KEY_UISupportedInterfaceOrientations = UIInterfaceOrientationPortrait;
				LD_RUNPATH_SEARCH_PATHS = (
					"$(inherited)",
					"@executable_path/Frameworks",
				);
				MARKETING_VERSION = 1.0;
				PRODUCT_BUNDLE_IDENTIFIER = com.nick.dustikdev.CheckApp;
				PRODUCT_NAME = "$(TARGET_NAME)";
				SWIFT_EMIT_LOC_STRINGS = YES;
				SWIFT_VERSION = 5.0;
				TARGETED_DEVICE_FAMILY = "1,2";
			};
			name = Debug;
		};
		794BBFA028F70FD20048FA0B /* Release */ = {
			isa = XCBuildConfiguration;
			buildSettings = {
				ASSETCATALOG_COMPILER_APPICON_NAME = AppIcon;
				ASSETCATALOG_COMPILER_GLOBAL_ACCENT_COLOR_NAME = AccentColor;
				CODE_SIGN_STYLE = Automatic;
				CURRENT_PROJECT_VERSION = 1;
				DEVELOPMENT_TEAM = 24928479RW;
				GENERATE_INFOPLIST_FILE = YES;
				INFOPLIST_FILE = CheckApp/Info.plist;
				INFOPLIST_KEY_UIApplicationSupportsIndirectInputEvents = YES;
				INFOPLIST_KEY_UILaunchStoryboardName = LaunchScreen;
				INFOPLIST_KEY_UIMainStoryboardFile = ShopList;
				INFOPLIST_KEY_UISupportedInterfaceOrientations = UIInterfaceOrientationPortrait;
				LD_RUNPATH_SEARCH_PATHS = (
					"$(inherited)",
					"@executable_path/Frameworks",
				);
				MARKETING_VERSION = 1.0;
				PRODUCT_BUNDLE_IDENTIFIER = com.nick.dustikdev.CheckApp;
				PRODUCT_NAME = "$(TARGET_NAME)";
				SWIFT_EMIT_LOC_STRINGS = YES;
				SWIFT_VERSION = 5.0;
				TARGETED_DEVICE_FAMILY = "1,2";
			};
			name = Release;
		};
/* End XCBuildConfiguration section */

/* Begin XCConfigurationList section */
		794BBF8528F70FD10048FA0B /* Build configuration list for PBXProject "CheckApp" */ = {
			isa = XCConfigurationList;
			buildConfigurations = (
				794BBF9C28F70FD20048FA0B /* Debug */,
				794BBF9D28F70FD20048FA0B /* Release */,
			);
			defaultConfigurationIsVisible = 0;
			defaultConfigurationName = Release;
		};
		794BBF9E28F70FD20048FA0B /* Build configuration list for PBXNativeTarget "CheckApp" */ = {
			isa = XCConfigurationList;
			buildConfigurations = (
				794BBF9F28F70FD20048FA0B /* Debug */,
				794BBFA028F70FD20048FA0B /* Release */,
			);
			defaultConfigurationIsVisible = 0;
			defaultConfigurationName = Release;
		};
/* End XCConfigurationList section */
	};
	rootObject = 794BBF8228F70FD10048FA0B /* Project object */;
}
